github.com/go-sql-driver/mysql v1.4.1 h1:g24URVg0OFbNUTx9qqY1IRZ9D9z3iPyi5zKhQZpNwpA=
github.com/go-sql-driver/mysql v1.4.1/go.mod h1:zAC/RDZ24gD3HViQzih4MyKcchzm+sOG5ZlKdlhCg5w=
github.com/vrischmann/envconfig v1.2.0 h1:5/u4fI34/g3m0SdTQj/6f3r640jv9E5+yTXIZOWsxk0=
github.com/vrischmann/envconfig v1.2.0/go.mod h1:c5DuUlkzfsnspy1g7qiqryPCsW+NjsrLsYq4zhwsoHo=
